
Microsoft Visual Studio Solution File, Format Version 12.00
# Visual Studio Version 17
VisualStudioVersion = 17.11.35327.3
MinimumVisualStudioVersion = 10.0.40219.1
Project("{FAE04EC0-301F-11D3-BF4B-00C04F79EFBC}") = "OrderApi.Domain", "OrderApi.Domain\OrderApi.Domain.csproj", "{7D5FAEA6-D5E9-4FC7-8E10-008DC23AB0E9}"
EndProject
Project("{FAE04EC0-301F-11D3-BF4B-00C04F79EFBC}") = "OrderApi.Application", "OrderApi.Application\OrderApi.Application.csproj", "{370DAEF9-206D-40C1-AECD-45C6B6B77A67}"
EndProject
Project("{FAE04EC0-301F-11D3-BF4B-00C04F79EFBC}") = "OrderApi.Infrastructure", "OrderApi.Infrastructure\OrderApi.Infrastructure.csproj", "{BD9985B7-DDC0-4604-9C31-80A6A88D9C00}"
EndProject
Project("{FAE04EC0-301F-11D3-BF4B-00C04F79EFBC}") = "OrderApi.Presentation", "OrderApi.Presentation\OrderApi.Presentation.csproj", "{45FEB5F8-9385-4A5F-8218-538BD04340CD}"
EndProject
Global
	GlobalSection(SolutionConfigurationPlatforms) = preSolution
		Debug|Any CPU = Debug|Any CPU
		Release|Any CPU = Release|Any CPU
	EndGlobalSection
	GlobalSection(ProjectConfigurationPlatforms) = postSolution
		{7D5FAEA6-D5E9-4FC7-8E10-008DC23AB0E9}.Debug|Any CPU.ActiveCfg = Debug|Any CPU
		{7D5FAEA6-D5E9-4FC7-8E10-008DC23AB0E9}.Debug|Any CPU.Build.0 = Debug|Any CPU
		{7D5FAEA6-D5E9-4FC7-8E10-008DC23AB0E9}.Release|Any CPU.ActiveCfg = Release|Any CPU
		{7D5FAEA6-D5E9-4FC7-8E10-008DC23AB0E9}.Release|Any CPU.Build.0 = Release|Any CPU
		{370DAEF9-206D-40C1-AECD-45C6B6B77A67}.Debug|Any CPU.ActiveCfg = Debug|Any CPU
		{370DAEF9-206D-40C1-AECD-45C6B6B77A67}.Debug|Any CPU.Build.0 = Debug|Any CPU
		{370DAEF9-206D-40C1-AECD-45C6B6B77A67}.Release|Any CPU.ActiveCfg = Release|Any CPU
		{370DAEF9-206D-40C1-AECD-45C6B6B77A67}.Release|Any CPU.Build.0 = Release|Any CPU
		{BD9985B7-DDC0-4604-9C31-80A6A88D9C00}.Debug|Any CPU.ActiveCfg = Debug|Any CPU
		{BD9985B7-DDC0-4604-9C31-80A6A88D9C00}.Debug|Any CPU.Build.0 = Debug|Any CPU
		{BD9985B7-DDC0-4604-9C31-80A6A88D9C00}.Release|Any CPU.ActiveCfg = Release|Any CPU
		{BD9985B7-DDC0-4604-9C31-80A6A88D9C00}.Release|Any CPU.Build.0 = Release|Any CPU
		{45FEB5F8-9385-4A5F-8218-538BD04340CD}.Debug|Any CPU.ActiveCfg = Debug|Any CPU
		{45FEB5F8-9385-4A5F-8218-538BD04340CD}.Debug|Any CPU.Build.0 = Debug|Any CPU
		{45FEB5F8-9385-4A5F-8218-538BD04340CD}.Release|Any CPU.ActiveCfg = Release|Any CPU
		{45FEB5F8-9385-4A5F-8218-538BD04340CD}.Release|Any CPU.Build.0 = Release|Any CPU
	EndGlobalSection
	GlobalSection(SolutionProperties) = preSolution
		HideSolutionNode = FALSE
	EndGlobalSection
	GlobalSection(ExtensibilityGlobals) = postSolution
		SolutionGuid = {69ECEE39-2300-45B1-A3B2-CB8B5772F70B}
	EndGlobalSection
EndGlobal
